
Microsoft Visual Studio Solution File, Format Version 12.00
# Visual Studio Version 16
VisualStudioVersion = 16.0.31729.503
MinimumVisualStudioVersion = 10.0.40219.1
Project("{FAE04EC0-301F-11D3-BF4B-00C04F79EFBC}") = "UsersWcfServiceSample", "UsersWcfServiceSample\UsersWcfServiceSample.csproj", "{D1376030-D47D-4566-8B25-7995E562DD8B}"
EndProject
Global
	GlobalSection(SolutionConfigurationPlatforms) = preSolution
		Debug|Any CPU = Debug|Any CPU
		Release|Any CPU = Release|Any CPU
	EndGlobalSection
	GlobalSection(ProjectConfigurationPlatforms) = postSolution
		{D1376030-D47D-4566-8B25-7995E562DD8B}.Debug|Any CPU.ActiveCfg = Debug|Any CPU
		{D1376030-D47D-4566-8B25-7995E562DD8B}.Debug|Any CPU.Build.0 = Debug|Any CPU
		{D1376030-D47D-4566-8B25-7995E562DD8B}.Release|Any CPU.ActiveCfg = Release|Any CPU
		{D1376030-D47D-4566-8B25-7995E562DD8B}.Release|Any CPU.Build.0 = Release|Any CPU
	EndGlobalSection
	GlobalSection(SolutionProperties) = preSolution
		HideSolutionNode = FALSE
	EndGlobalSection
	GlobalSection(ExtensibilityGlobals) = postSolution
		SolutionGuid = {C07DDE98-946F-40E2-BA7F-5A5B46CD88E9}
	EndGlobalSection
EndGlobal
